
Microsoft Visual Studio Solution File, Format Version 12.00
# Visual Studio Version 16
VisualStudioVersion = 16.0.31729.503
MinimumVisualStudioVersion = 10.0.40219.1
Project("{FAE04EC0-301F-11D3-BF4B-00C04F79EFBC}") = "HomeWork15", "HomeWork15\HomeWork15.csproj", "{EAAA8A3D-4F73-47B7-B4F8-3B5233675860}"
EndProject
Global
	GlobalSection(SolutionConfigurationPlatforms) = preSolution
		Debug|Any CPU = Debug|Any CPU
		Release|Any CPU = Release|Any CPU
	EndGlobalSection
	GlobalSection(ProjectConfigurationPlatforms) = postSolution
		{EAAA8A3D-4F73-47B7-B4F8-3B5233675860}.Debug|Any CPU.ActiveCfg = Debug|Any CPU
		{EAAA8A3D-4F73-47B7-B4F8-3B5233675860}.Debug|Any CPU.Build.0 = Debug|Any CPU
		{EAAA8A3D-4F73-47B7-B4F8-3B5233675860}.Release|Any CPU.ActiveCfg = Release|Any CPU
		{EAAA8A3D-4F73-47B7-B4F8-3B5233675860}.Release|Any CPU.Build.0 = Release|Any CPU
	EndGlobalSection
	GlobalSection(SolutionProperties) = preSolution
		HideSolutionNode = FALSE
	EndGlobalSection
	GlobalSection(ExtensibilityGlobals) = postSolution
		SolutionGuid = {2516AEF7-79AB-414D-BA93-848D592F4E32}
	EndGlobalSection
EndGlobal
